
Microsoft Visual Studio Solution File, Format Version 12.00
# Visual Studio Version 17
VisualStudioVersion = 17.9.34728.123
MinimumVisualStudioVersion = 10.0.40219.1
Project("{2150E333-8FDC-42A3-9474-1A3956D46DE8}") = "ShopManagement", "ShopManagement", "{2F0F75C6-A298-46CB-BE17-866D92BD75E7}"
EndProject
Project("{2150E333-8FDC-42A3-9474-1A3956D46DE8}") = "SM.Domain", "SM.Domain", "{E25148BA-E389-45D7-B17A-A4A0FDEB0501}"
EndProject
Project("{9A19103F-16F7-4668-BE54-9A1E7A4F7556}") = "ShopManagement.Domain", "ShopManagement.Domain\ShopManagement.Domain.csproj", "{8F8CA22A-D2FD-4D18-BFC4-E9E4D5195C85}"
EndProject
Project("{9A19103F-16F7-4668-BE54-9A1E7A4F7556}") = "0_Framework", "0_Framework\0_Framework.csproj", "{4B74B661-B8DF-4C64-BF4C-3B73A49BE824}"
EndProject
Project("{2150E333-8FDC-42A3-9474-1A3956D46DE8}") = "SM.Application", "SM.Application", "{30D5D820-476F-4325-B400-D1250306A5D4}"
EndProject
Project("{9A19103F-16F7-4668-BE54-9A1E7A4F7556}") = "ShopManagement.Application.Contracts", "ShopManagement.Application.Contracts\ShopManagement.Application.Contracts.csproj", "{954298B7-DF94-4DC3-B8D3-90A45BA5E18C}"
EndProject
Project("{9A19103F-16F7-4668-BE54-9A1E7A4F7556}") = "ShopManagement.Application", "ShopManagement.Application\ShopManagement.Application.csproj", "{12AB65D1-9C9D-4F47-8186-EECCA190FAB3}"
EndProject
Project("{2150E333-8FDC-42A3-9474-1A3956D46DE8}") = "SM.Infrastructure", "SM.Infrastructure", "{18C53931-2334-4237-B83E-E6D69BCE8A26}"
EndProject
Project("{9A19103F-16F7-4668-BE54-9A1E7A4F7556}") = "ShopManagement.Infrastructure.EfCore", "ShopManagement.Infrastructure.EfCore\ShopManagement.Infrastructure.EfCore.csproj", "{9DD88CC4-8E28-44E6-9E62-0FA1A5223B45}"
EndProject
Project("{9A19103F-16F7-4668-BE54-9A1E7A4F7556}") = "ShopManagement.Configuration", "ShopManagement.Configuration\ShopManagement.Configuration.csproj", "{8DCAB88E-6BFD-490E-BB12-D811FD019A45}"
EndProject
Project("{9A19103F-16F7-4668-BE54-9A1E7A4F7556}") = "ServiceHost", "ServiceHost\ServiceHost.csproj", "{AF652907-5FDA-4A1F-9A7D-100BB5B26E06}"
EndProject
Project("{9A19103F-16F7-4668-BE54-9A1E7A4F7556}") = "01_LampShadeQuery", "01_LampShadeQuery\01_LampShadeQuery.csproj", "{615CB450-E52B-445F-8ED7-58C5AB187E0A}"
EndProject
Project("{2150E333-8FDC-42A3-9474-1A3956D46DE8}") = "DiscountManagement", "DiscountManagement", "{A09D91D0-EA7C-4152-8D03-EA567BE8F7AA}"
EndProject
Project("{2150E333-8FDC-42A3-9474-1A3956D46DE8}") = "DM.Domain", "DM.Domain", "{348712A0-242B-415B-9C37-6073B5116FA6}"
EndProject
Project("{9A19103F-16F7-4668-BE54-9A1E7A4F7556}") = "DiscountManagement.Domain", "DiscountManagement.Domain\DiscountManagement.Domain.csproj", "{69A45200-90F2-43AB-B665-F45E718E84AA}"
EndProject
Project("{2150E333-8FDC-42A3-9474-1A3956D46DE8}") = "DM.Application", "DM.Application", "{514CA1A6-FC3F-4194-AC9D-BC7EE47DA62E}"
EndProject
Project("{9A19103F-16F7-4668-BE54-9A1E7A4F7556}") = "DiscountManagement.Application.Contract", "DiscountManagement.Application.Contract\DiscountManagement.Application.Contract.csproj", "{BEA751D1-4A44-4774-A19A-4FE222D99ADA}"
EndProject
Project("{9A19103F-16F7-4668-BE54-9A1E7A4F7556}") = "DiscountManagement.Application", "DiscountManagement.Application\DiscountManagement.Application.csproj", "{0C07CE56-A1BE-46A6-8850-3D327150F9EE}"
EndProject
Project("{2150E333-8FDC-42A3-9474-1A3956D46DE8}") = "DM.Infrastructure", "DM.Infrastructure", "{B02A44D4-AC24-4B8C-B706-B5ED1904C312}"
EndProject
Project("{9A19103F-16F7-4668-BE54-9A1E7A4F7556}") = "DiscountManagement.Infrastructure.EFCore", "DiscountManagement.Infrastructure.EFCore\DiscountManagement.Infrastructure.EFCore.csproj", "{DCF20136-AC2B-41B2-9D53-804B89E2A595}"
EndProject
Project("{9A19103F-16F7-4668-BE54-9A1E7A4F7556}") = "DiscountManagement.Configuration", "DiscountManagement.Configuration\DiscountManagement.Configuration.csproj", "{D0A53C75-0FC3-4B8F-867E-68A67E2E2408}"
EndProject
Project("{2150E333-8FDC-42A3-9474-1A3956D46DE8}") = "InventoryManagement", "InventoryManagement", "{34C2F08C-57D3-4DB9-909D-8AD9BAB94562}"
EndProject
Project("{2150E333-8FDC-42A3-9474-1A3956D46DE8}") = "IM.Domain", "IM.Domain", "{B866DEF6-3294-4E3E-BE89-F298015E7DB4}"
EndProject
Project("{9A19103F-16F7-4668-BE54-9A1E7A4F7556}") = "InventoryManagement.Domain", "InventoryManagement.Domain\InventoryManagement.Domain.csproj", "{BEAA25F5-7FB6-401F-AAE6-CCE90F73D269}"
EndProject
Project("{2150E333-8FDC-42A3-9474-1A3956D46DE8}") = "IM.Application", "IM.Application", "{6EEA6937-08FC-4D5F-9372-5041AFC78406}"
EndProject
Project("{9A19103F-16F7-4668-BE54-9A1E7A4F7556}") = "InventoryManagement.Application.Contract", "InventoryManagement.Application.Contract\InventoryManagement.Application.Contract.csproj", "{D2BE325D-A59D-455F-8D69-88A78548EAFA}"
EndProject
Project("{2150E333-8FDC-42A3-9474-1A3956D46DE8}") = "IM.Infrastructure", "IM.Infrastructure", "{C82CCF2C-5EFF-4539-90BC-B9ED64FC2B85}"
EndProject
Project("{9A19103F-16F7-4668-BE54-9A1E7A4F7556}") = "InventoryManagement.Infrastructure.EFCore", "InventoryManagement.Infrastructure.EFCore\InventoryManagement.Infrastructure.EFCore.csproj", "{5FA7D0E9-FC14-45B7-AAFC-C3C7992D14DC}"
EndProject
Project("{9A19103F-16F7-4668-BE54-9A1E7A4F7556}") = "InventoryManagement.Infrastructure.Configuration", "InventoryManagement.Infrastructure.Configuration\InventoryManagement.Infrastructure.Configuration.csproj", "{01470EEE-373C-4910-87CA-2FB1AB3467DA}"
EndProject
Project("{9A19103F-16F7-4668-BE54-9A1E7A4F7556}") = "InventoryManagement.Application", "InventoryManagement.Application\InventoryManagement.Application.csproj", "{54D665B7-EC7E-4FE2-869A-6D43F8E86207}"
EndProject
Project("{2150E333-8FDC-42A3-9474-1A3956D46DE8}") = "BlogManagement", "BlogManagement", "{2BD8B9F0-2E61-4309-BAEE-A12214914537}"
EndProject
Project("{2150E333-8FDC-42A3-9474-1A3956D46DE8}") = "BM.Domain", "BM.Domain", "{FB07CBE9-455E-44D3-8F5B-590F9A37FB1D}"
EndProject
Project("{9A19103F-16F7-4668-BE54-9A1E7A4F7556}") = "BlogManagement.Domain", "BlogManagement.Domain\BlogManagement.Domain.csproj", "{F253E55A-A89B-44B8-A732-367FBE51ACA3}"
EndProject
Project("{2150E333-8FDC-42A3-9474-1A3956D46DE8}") = "BM.Application", "BM.Application", "{5029C5DA-A227-4CF4-A2F6-DFC3933D7EDA}"
EndProject
Project("{9A19103F-16F7-4668-BE54-9A1E7A4F7556}") = "BlogManagement.Application.Contracts", "BlogManagement.Application.Contracts\BlogManagement.Application.Contracts.csproj", "{360FD7E1-AE0E-45A7-B89D-911AB54A4016}"
EndProject
Project("{9A19103F-16F7-4668-BE54-9A1E7A4F7556}") = "BlogManagement.Application", "BlogManagement.Application\BlogManagement.Application.csproj", "{889B6F21-7B08-47AB-BF4C-1E0A382A6055}"
EndProject
Project("{2150E333-8FDC-42A3-9474-1A3956D46DE8}") = "BM.Infrastructure", "BM.Infrastructure", "{86A56BB7-70E0-4F0D-A3BF-7BCB9D4C6512}"
EndProject
Project("{9A19103F-16F7-4668-BE54-9A1E7A4F7556}") = "BlogManagement.Infrastructure.EFCore", "BlogManagement.Infrastructure.EFCore\BlogManagement.Infrastructure.EFCore.csproj", "{0883711D-F5CF-46D6-9AEB-4179F12425A0}"
EndProject
Project("{9A19103F-16F7-4668-BE54-9A1E7A4F7556}") = "BlogManagement.Infrastructure.Configuration", "BlogManagement.Infrastructure.Configuration\BlogManagement.Infrastructure.Configuration.csproj", "{3DD25A54-F5CD-43C2-B383-429D3A0CA1D1}"
EndProject
Project("{2150E333-8FDC-42A3-9474-1A3956D46DE8}") = "CommentManagement", "CommentManagement", "{86E5C524-4BE1-4511-A264-E7647A9D8FBA}"
EndProject
Project("{2150E333-8FDC-42A3-9474-1A3956D46DE8}") = "CM.Domain", "CM.Domain", "{3F995A53-E83B-4928-BEF1-B2AF664FAF94}"
EndProject
Project("{9A19103F-16F7-4668-BE54-9A1E7A4F7556}") = "CommentManagement.Domain", "CommentManagement.Domain\CommentManagement.Domain.csproj", "{94BDE500-B651-490A-A3F2-164140B0230E}"
EndProject
Project("{2150E333-8FDC-42A3-9474-1A3956D46DE8}") = "CM.Application", "CM.Application", "{D87D0D0D-F346-428C-A50D-A073AD387AEA}"
EndProject
Project("{9A19103F-16F7-4668-BE54-9A1E7A4F7556}") = "CommentManagement.Application.Contracts", "CommentManagement.Application.Contracts\CommentManagement.Application.Contracts.csproj", "{C871FA7F-5DDC-4B7C-8AF7-C6FB9E7426FC}"
EndProject
Project("{9A19103F-16F7-4668-BE54-9A1E7A4F7556}") = "CommentManagement.Application", "CommentManagement.Application\CommentManagement.Application.csproj", "{6B24F59C-724F-4559-938A-985C5226D33D}"
EndProject
Project("{2150E333-8FDC-42A3-9474-1A3956D46DE8}") = "CM.Infrastructure", "CM.Infrastructure", "{99BD8462-8A0E-4205-A624-1527ED1EA76C}"
EndProject
Project("{9A19103F-16F7-4668-BE54-9A1E7A4F7556}") = "CommentManagement.Infrastructure.EFCore", "CommentManagement.Infrastructure.EFCore\CommentManagement.Infrastructure.EFCore.csproj", "{C0090D56-9C33-4EDA-8505-1915432C735C}"
EndProject
Project("{9A19103F-16F7-4668-BE54-9A1E7A4F7556}") = "CommentManagement.Infrastructure.Configure", "CommentManagement.Infrastructure.Configure\CommentManagement.Infrastructure.Configure.csproj", "{61A0D28A-996F-4CC6-BE0D-E3087AF98708}"
EndProject
Project("{2150E333-8FDC-42A3-9474-1A3956D46DE8}") = "AccountManagement", "AccountManagement", "{D125DEE4-250A-45CC-AF02-13E8FEAC1F1D}"
EndProject
Project("{2150E333-8FDC-42A3-9474-1A3956D46DE8}") = "AM.Domain", "AM.Domain", "{C63DC3E9-5EF2-4676-83A1-E9F63C3A45AE}"
EndProject
Project("{9A19103F-16F7-4668-BE54-9A1E7A4F7556}") = "AccountManagement.Domain", "AccountManagement.Domain\AccountManagement.Domain.csproj", "{95C25C0C-E8E6-40D3-ACA7-5553C447ED33}"
EndProject
Project("{2150E333-8FDC-42A3-9474-1A3956D46DE8}") = "AM.Application", "AM.Application", "{07476E6F-3A6C-433C-84B3-12BBE2E4AC46}"
EndProject
Project("{9A19103F-16F7-4668-BE54-9A1E7A4F7556}") = "AccountManagement.Application.Contracts", "AccountManagement.Application.Contracts\AccountManagement.Application.Contracts.csproj", "{75FBCA63-9C99-4565-A80E-A0A18E894157}"
EndProject
Project("{2150E333-8FDC-42A3-9474-1A3956D46DE8}") = "AM.Infrastructure", "AM.Infrastructure", "{A15A5102-C23C-4D5E-84AC-54111084138A}"
EndProject
Project("{9A19103F-16F7-4668-BE54-9A1E7A4F7556}") = "AccountManagement.Infrastructure.EFCore", "AccountManagement.Infrastructure.EFCore\AccountManagement.Infrastructure.EFCore.csproj", "{3B659E67-4443-45DD-B5E4-01B056B862CC}"
EndProject
Project("{9A19103F-16F7-4668-BE54-9A1E7A4F7556}") = "AccountManagement.Application", "AccountManagement.Application\AccountManagement.Application.csproj", "{BEB2AE15-BADC-442F-A55C-1343E7D5C290}"
EndProject
Project("{9A19103F-16F7-4668-BE54-9A1E7A4F7556}") = "AccountManagement.Configuration", "AccountManagement.Configuration\AccountManagement.Configuration.csproj", "{4A4B346A-8AAE-4F21-B3F3-5E72E28560F4}"
EndProject
Project("{9A19103F-16F7-4668-BE54-9A1E7A4F7556}") = "ShopManagement.Infrastructure.InventoryAcl", "ShopManagement.Infrastructure.InventoryAcl\ShopManagement.Infrastructure.InventoryAcl.csproj", "{4530A7D3-366C-449D-AFF9-8896BB8EB330}"
EndProject
Project("{2150E333-8FDC-42A3-9474-1A3956D46DE8}") = "IM.Presentation", "IM.Presentation", "{33DB4912-0275-4195-9DDE-BE82B2995F65}"
EndProject
Project("{9A19103F-16F7-4668-BE54-9A1E7A4F7556}") = "InventoryManagement.Presentation.Api", "InventoryManagement.Presentation.Api\InventoryManagement.Presentation.Api.csproj", "{86AD7C5B-6A86-440B-B644-32F07B269060}"
EndProject
Project("{9A19103F-16F7-4668-BE54-9A1E7A4F7556}") = "ShopManagement.Infrastructure.AccountAcl", "ShopManagement.Infrastructure.AccountAcl\ShopManagement.Infrastructure.AccountAcl.csproj", "{CBA05347-52EE-4700-9831-914787E5037D}"
EndProject
Global
	GlobalSection(SolutionConfigurationPlatforms) = preSolution
		Debug|Any CPU = Debug|Any CPU
		Release|Any CPU = Release|Any CPU
	EndGlobalSection
	GlobalSection(ProjectConfigurationPlatforms) = postSolution
		{8F8CA22A-D2FD-4D18-BFC4-E9E4D5195C85}.Debug|Any CPU.ActiveCfg = Debug|Any CPU
		{8F8CA22A-D2FD-4D18-BFC4-E9E4D5195C85}.Debug|Any CPU.Build.0 = Debug|Any CPU
		{8F8CA22A-D2FD-4D18-BFC4-E9E4D5195C85}.Release|Any CPU.ActiveCfg = Release|Any CPU
		{8F8CA22A-D2FD-4D18-BFC4-E9E4D5195C85}.Release|Any CPU.Build.0 = Release|Any CPU
		{4B74B661-B8DF-4C64-BF4C-3B73A49BE824}.Debug|Any CPU.ActiveCfg = Debug|Any CPU
		{4B74B661-B8DF-4C64-BF4C-3B73A49BE824}.Debug|Any CPU.Build.0 = Debug|Any CPU
		{4B74B661-B8DF-4C64-BF4C-3B73A49BE824}.Release|Any CPU.ActiveCfg = Release|Any CPU
		{4B74B661-B8DF-4C64-BF4C-3B73A49BE824}.Release|Any CPU.Build.0 = Release|Any CPU
		{954298B7-DF94-4DC3-B8D3-90A45BA5E18C}.Debug|Any CPU.ActiveCfg = Debug|Any CPU
		{954298B7-DF94-4DC3-B8D3-90A45BA5E18C}.Debug|Any CPU.Build.0 = Debug|Any CPU
		{954298B7-DF94-4DC3-B8D3-90A45BA5E18C}.Release|Any CPU.ActiveCfg = Release|Any CPU
		{954298B7-DF94-4DC3-B8D3-90A45BA5E18C}.Release|Any CPU.Build.0 = Release|Any CPU
		{12AB65D1-9C9D-4F47-8186-EECCA190FAB3}.Debug|Any CPU.ActiveCfg = Debug|Any CPU
		{12AB65D1-9C9D-4F47-8186-EECCA190FAB3}.Debug|Any CPU.Build.0 = Debug|Any CPU
		{12AB65D1-9C9D-4F47-8186-EECCA190FAB3}.Release|Any CPU.ActiveCfg = Release|Any CPU
		{12AB65D1-9C9D-4F47-8186-EECCA190FAB3}.Release|Any CPU.Build.0 = Release|Any CPU
		{9DD88CC4-8E28-44E6-9E62-0FA1A5223B45}.Debug|Any CPU.ActiveCfg = Debug|Any CPU
		{9DD88CC4-8E28-44E6-9E62-0FA1A5223B45}.Debug|Any CPU.Build.0 = Debug|Any CPU
		{9DD88CC4-8E28-44E6-9E62-0FA1A5223B45}.Release|Any CPU.ActiveCfg = Release|Any CPU
		{9DD88CC4-8E28-44E6-9E62-0FA1A5223B45}.Release|Any CPU.Build.0 = Release|Any CPU
		{8DCAB88E-6BFD-490E-BB12-D811FD019A45}.Debug|Any CPU.ActiveCfg = Debug|Any CPU
		{8DCAB88E-6BFD-490E-BB12-D811FD019A45}.Debug|Any CPU.Build.0 = Debug|Any CPU
		{8DCAB88E-6BFD-490E-BB12-D811FD019A45}.Release|Any CPU.ActiveCfg = Release|Any CPU
		{8DCAB88E-6BFD-490E-BB12-D811FD019A45}.Release|Any CPU.Build.0 = Release|Any CPU
		{AF652907-5FDA-4A1F-9A7D-100BB5B26E06}.Debug|Any CPU.ActiveCfg = Debug|Any CPU
		{AF652907-5FDA-4A1F-9A7D-100BB5B26E06}.Debug|Any CPU.Build.0 = Debug|Any CPU
		{AF652907-5FDA-4A1F-9A7D-100BB5B26E06}.Release|Any CPU.ActiveCfg = Release|Any CPU
		{AF652907-5FDA-4A1F-9A7D-100BB5B26E06}.Release|Any CPU.Build.0 = Release|Any CPU
		{615CB450-E52B-445F-8ED7-58C5AB187E0A}.Debug|Any CPU.ActiveCfg = Debug|Any CPU
		{615CB450-E52B-445F-8ED7-58C5AB187E0A}.Debug|Any CPU.Build.0 = Debug|Any CPU
		{615CB450-E52B-445F-8ED7-58C5AB187E0A}.Release|Any CPU.ActiveCfg = Release|Any CPU
		{615CB450-E52B-445F-8ED7-58C5AB187E0A}.Release|Any CPU.Build.0 = Release|Any CPU
		{69A45200-90F2-43AB-B665-F45E718E84AA}.Debug|Any CPU.ActiveCfg = Debug|Any CPU
		{69A45200-90F2-43AB-B665-F45E718E84AA}.Debug|Any CPU.Build.0 = Debug|Any CPU
		{69A45200-90F2-43AB-B665-F45E718E84AA}.Release|Any CPU.ActiveCfg = Release|Any CPU
		{69A45200-90F2-43AB-B665-F45E718E84AA}.Release|Any CPU.Build.0 = Release|Any CPU
		{BEA751D1-4A44-4774-A19A-4FE222D99ADA}.Debug|Any CPU.ActiveCfg = Debug|Any CPU
		{BEA751D1-4A44-4774-A19A-4FE222D99ADA}.Debug|Any CPU.Build.0 = Debug|Any CPU
		{BEA751D1-4A44-4774-A19A-4FE222D99ADA}.Release|Any CPU.ActiveCfg = Release|Any CPU
		{BEA751D1-4A44-4774-A19A-4FE222D99ADA}.Release|Any CPU.Build.0 = Release|Any CPU
		{0C07CE56-A1BE-46A6-8850-3D327150F9EE}.Debug|Any CPU.ActiveCfg = Debug|Any CPU
		{0C07CE56-A1BE-46A6-8850-3D327150F9EE}.Debug|Any CPU.Build.0 = Debug|Any CPU
		{0C07CE56-A1BE-46A6-8850-3D327150F9EE}.Release|Any CPU.ActiveCfg = Release|Any CPU
		{0C07CE56-A1BE-46A6-8850-3D327150F9EE}.Release|Any CPU.Build.0 = Release|Any CPU
		{DCF20136-AC2B-41B2-9D53-804B89E2A595}.Debug|Any CPU.ActiveCfg = Debug|Any CPU
		{DCF20136-AC2B-41B2-9D53-804B89E2A595}.Debug|Any CPU.Build.0 = Debug|Any CPU
		{DCF20136-AC2B-41B2-9D53-804B89E2A595}.Release|Any CPU.ActiveCfg = Release|Any CPU
		{DCF20136-AC2B-41B2-9D53-804B89E2A595}.Release|Any CPU.Build.0 = Release|Any CPU
		{D0A53C75-0FC3-4B8F-867E-68A67E2E2408}.Debug|Any CPU.ActiveCfg = Debug|Any CPU
		{D0A53C75-0FC3-4B8F-867E-68A67E2E2408}.Debug|Any CPU.Build.0 = Debug|Any CPU
		{D0A53C75-0FC3-4B8F-867E-68A67E2E2408}.Release|Any CPU.ActiveCfg = Release|Any CPU
		{D0A53C75-0FC3-4B8F-867E-68A67E2E2408}.Release|Any CPU.Build.0 = Release|Any CPU
		{BEAA25F5-7FB6-401F-AAE6-CCE90F73D269}.Debug|Any CPU.ActiveCfg = Debug|Any CPU
		{BEAA25F5-7FB6-401F-AAE6-CCE90F73D269}.Debug|Any CPU.Build.0 = Debug|Any CPU
		{BEAA25F5-7FB6-401F-AAE6-CCE90F73D269}.Release|Any CPU.ActiveCfg = Release|Any CPU
		{BEAA25F5-7FB6-401F-AAE6-CCE90F73D269}.Release|Any CPU.Build.0 = Release|Any CPU
		{D2BE325D-A59D-455F-8D69-88A78548EAFA}.Debug|Any CPU.ActiveCfg = Debug|Any CPU
		{D2BE325D-A59D-455F-8D69-88A78548EAFA}.Debug|Any CPU.Build.0 = Debug|Any CPU
		{D2BE325D-A59D-455F-8D69-88A78548EAFA}.Release|Any CPU.ActiveCfg = Release|Any CPU
		{D2BE325D-A59D-455F-8D69-88A78548EAFA}.Release|Any CPU.Build.0 = Release|Any CPU
		{5FA7D0E9-FC14-45B7-AAFC-C3C7992D14DC}.Debug|Any CPU.ActiveCfg = Debug|Any CPU
		{5FA7D0E9-FC14-45B7-AAFC-C3C7992D14DC}.Debug|Any CPU.Build.0 = Debug|Any CPU
		{5FA7D0E9-FC14-45B7-AAFC-C3C7992D14DC}.Release|Any CPU.ActiveCfg = Release|Any CPU
		{5FA7D0E9-FC14-45B7-AAFC-C3C7992D14DC}.Release|Any CPU.Build.0 = Release|Any CPU
		{01470EEE-373C-4910-87CA-2FB1AB3467DA}.Debug|Any CPU.ActiveCfg = Debug|Any CPU
		{01470EEE-373C-4910-87CA-2FB1AB3467DA}.Debug|Any CPU.Build.0 = Debug|Any CPU
		{01470EEE-373C-4910-87CA-2FB1AB3467DA}.Release|Any CPU.ActiveCfg = Release|Any CPU
		{01470EEE-373C-4910-87CA-2FB1AB3467DA}.Release|Any CPU.Build.0 = Release|Any CPU
		{54D665B7-EC7E-4FE2-869A-6D43F8E86207}.Debug|Any CPU.ActiveCfg = Debug|Any CPU
		{54D665B7-EC7E-4FE2-869A-6D43F8E86207}.Debug|Any CPU.Build.0 = Debug|Any CPU
		{54D665B7-EC7E-4FE2-869A-6D43F8E86207}.Release|Any CPU.ActiveCfg = Release|Any CPU
		{54D665B7-EC7E-4FE2-869A-6D43F8E86207}.Release|Any CPU.Build.0 = Release|Any CPU
		{F253E55A-A89B-44B8-A732-367FBE51ACA3}.Debug|Any CPU.ActiveCfg = Debug|Any CPU
		{F253E55A-A89B-44B8-A732-367FBE51ACA3}.Debug|Any CPU.Build.0 = Debug|Any CPU
		{F253E55A-A89B-44B8-A732-367FBE51ACA3}.Release|Any CPU.ActiveCfg = Release|Any CPU
		{F253E55A-A89B-44B8-A732-367FBE51ACA3}.Release|Any CPU.Build.0 = Release|Any CPU
		{360FD7E1-AE0E-45A7-B89D-911AB54A4016}.Debug|Any CPU.ActiveCfg = Debug|Any CPU
		{360FD7E1-AE0E-45A7-B89D-911AB54A4016}.Debug|Any CPU.Build.0 = Debug|Any CPU
		{360FD7E1-AE0E-45A7-B89D-911AB54A4016}.Release|Any CPU.ActiveCfg = Release|Any CPU
		{360FD7E1-AE0E-45A7-B89D-911AB54A4016}.Release|Any CPU.Build.0 = Release|Any CPU
		{889B6F21-7B08-47AB-BF4C-1E0A382A6055}.Debug|Any CPU.ActiveCfg = Debug|Any CPU
		{889B6F21-7B08-47AB-BF4C-1E0A382A6055}.Debug|Any CPU.Build.0 = Debug|Any CPU
		{889B6F21-7B08-47AB-BF4C-1E0A382A6055}.Release|Any CPU.ActiveCfg = Release|Any CPU
		{889B6F21-7B08-47AB-BF4C-1E0A382A6055}.Release|Any CPU.Build.0 = Release|Any CPU
		{0883711D-F5CF-46D6-9AEB-4179F12425A0}.Debug|Any CPU.ActiveCfg = Debug|Any CPU
		{0883711D-F5CF-46D6-9AEB-4179F12425A0}.Debug|Any CPU.Build.0 = Debug|Any CPU
		{0883711D-F5CF-46D6-9AEB-4179F12425A0}.Release|Any CPU.ActiveCfg = Release|Any CPU
		{0883711D-F5CF-46D6-9AEB-4179F12425A0}.Release|Any CPU.Build.0 = Release|Any CPU
		{3DD25A54-F5CD-43C2-B383-429D3A0CA1D1}.Debug|Any CPU.ActiveCfg = Debug|Any CPU
		{3DD25A54-F5CD-43C2-B383-429D3A0CA1D1}.Debug|Any CPU.Build.0 = Debug|Any CPU
		{3DD25A54-F5CD-43C2-B383-429D3A0CA1D1}.Release|Any CPU.ActiveCfg = Release|Any CPU
		{3DD25A54-F5CD-43C2-B383-429D3A0CA1D1}.Release|Any CPU.Build.0 = Release|Any CPU
		{94BDE500-B651-490A-A3F2-164140B0230E}.Debug|Any CPU.ActiveCfg = Debug|Any CPU
		{94BDE500-B651-490A-A3F2-164140B0230E}.Debug|Any CPU.Build.0 = Debug|Any CPU
		{94BDE500-B651-490A-A3F2-164140B0230E}.Release|Any CPU.ActiveCfg = Release|Any CPU
		{94BDE500-B651-490A-A3F2-164140B0230E}.Release|Any CPU.Build.0 = Release|Any CPU
		{C871FA7F-5DDC-4B7C-8AF7-C6FB9E7426FC}.Debug|Any CPU.ActiveCfg = Debug|Any CPU
		{C871FA7F-5DDC-4B7C-8AF7-C6FB9E7426FC}.Debug|Any CPU.Build.0 = Debug|Any CPU
		{C871FA7F-5DDC-4B7C-8AF7-C6FB9E7426FC}.Release|Any CPU.ActiveCfg = Release|Any CPU
		{C871FA7F-5DDC-4B7C-8AF7-C6FB9E7426FC}.Release|Any CPU.Build.0 = Release|Any CPU
		{6B24F59C-724F-4559-938A-985C5226D33D}.Debug|Any CPU.ActiveCfg = Debug|Any CPU
		{6B24F59C-724F-4559-938A-985C5226D33D}.Debug|Any CPU.Build.0 = Debug|Any CPU
		{6B24F59C-724F-4559-938A-985C5226D33D}.Release|Any CPU.ActiveCfg = Release|Any CPU
		{6B24F59C-724F-4559-938A-985C5226D33D}.Release|Any CPU.Build.0 = Release|Any CPU
		{C0090D56-9C33-4EDA-8505-1915432C735C}.Debug|Any CPU.ActiveCfg = Debug|Any CPU
		{C0090D56-9C33-4EDA-8505-1915432C735C}.Debug|Any CPU.Build.0 = Debug|Any CPU
		{C0090D56-9C33-4EDA-8505-1915432C735C}.Release|Any CPU.ActiveCfg = Release|Any CPU
		{C0090D56-9C33-4EDA-8505-1915432C735C}.Release|Any CPU.Build.0 = Release|Any CPU
		{61A0D28A-996F-4CC6-BE0D-E3087AF98708}.Debug|Any CPU.ActiveCfg = Debug|Any CPU
		{61A0D28A-996F-4CC6-BE0D-E3087AF98708}.Debug|Any CPU.Build.0 = Debug|Any CPU
		{61A0D28A-996F-4CC6-BE0D-E3087AF98708}.Release|Any CPU.ActiveCfg = Release|Any CPU
		{61A0D28A-996F-4CC6-BE0D-E3087AF98708}.Release|Any CPU.Build.0 = Release|Any CPU
		{95C25C0C-E8E6-40D3-ACA7-5553C447ED33}.Debug|Any CPU.ActiveCfg = Debug|Any CPU
		{95C25C0C-E8E6-40D3-ACA7-5553C447ED33}.Debug|Any CPU.Build.0 = Debug|Any CPU
		{95C25C0C-E8E6-40D3-ACA7-5553C447ED33}.Release|Any CPU.ActiveCfg = Release|Any CPU
		{95C25C0C-E8E6-40D3-ACA7-5553C447ED33}.Release|Any CPU.Build.0 = Release|Any CPU
		{75FBCA63-9C99-4565-A80E-A0A18E894157}.Debug|Any CPU.ActiveCfg = Debug|Any CPU
		{75FBCA63-9C99-4565-A80E-A0A18E894157}.Debug|Any CPU.Build.0 = Debug|Any CPU
		{75FBCA63-9C99-4565-A80E-A0A18E894157}.Release|Any CPU.ActiveCfg = Release|Any CPU
		{75FBCA63-9C99-4565-A80E-A0A18E894157}.Release|Any CPU.Build.0 = Release|Any CPU
		{3B659E67-4443-45DD-B5E4-01B056B862CC}.Debug|Any CPU.ActiveCfg = Debug|Any CPU
		{3B659E67-4443-45DD-B5E4-01B056B862CC}.Debug|Any CPU.Build.0 = Debug|Any CPU
		{3B659E67-4443-45DD-B5E4-01B056B862CC}.Release|Any CPU.ActiveCfg = Release|Any CPU
		{3B659E67-4443-45DD-B5E4-01B056B862CC}.Release|Any CPU.Build.0 = Release|Any CPU
		{BEB2AE15-BADC-442F-A55C-1343E7D5C290}.Debug|Any CPU.ActiveCfg = Debug|Any CPU
		{BEB2AE15-BADC-442F-A55C-1343E7D5C290}.Debug|Any CPU.Build.0 = Debug|Any CPU
		{BEB2AE15-BADC-442F-A55C-1343E7D5C290}.Release|Any CPU.ActiveCfg = Release|Any CPU
		{BEB2AE15-BADC-442F-A55C-1343E7D5C290}.Release|Any CPU.Build.0 = Release|Any CPU
		{4A4B346A-8AAE-4F21-B3F3-5E72E28560F4}.Debug|Any CPU.ActiveCfg = Debug|Any CPU
		{4A4B346A-8AAE-4F21-B3F3-5E72E28560F4}.Debug|Any CPU.Build.0 = Debug|Any CPU
		{4A4B346A-8AAE-4F21-B3F3-5E72E28560F4}.Release|Any CPU.ActiveCfg = Release|Any CPU
		{4A4B346A-8AAE-4F21-B3F3-5E72E28560F4}.Release|Any CPU.Build.0 = Release|Any CPU
		{4530A7D3-366C-449D-AFF9-8896BB8EB330}.Debug|Any CPU.ActiveCfg = Debug|Any CPU
		{4530A7D3-366C-449D-AFF9-8896BB8EB330}.Debug|Any CPU.Build.0 = Debug|Any CPU
		{4530A7D3-366C-449D-AFF9-8896BB8EB330}.Release|Any CPU.ActiveCfg = Release|Any CPU
		{4530A7D3-366C-449D-AFF9-8896BB8EB330}.Release|Any CPU.Build.0 = Release|Any CPU
		{86AD7C5B-6A86-440B-B644-32F07B269060}.Debug|Any CPU.ActiveCfg = Debug|Any CPU
		{86AD7C5B-6A86-440B-B644-32F07B269060}.Debug|Any CPU.Build.0 = Debug|Any CPU
		{86AD7C5B-6A86-440B-B644-32F07B269060}.Release|Any CPU.ActiveCfg = Release|Any CPU
		{86AD7C5B-6A86-440B-B644-32F07B269060}.Release|Any CPU.Build.0 = Release|Any CPU
		{CBA05347-52EE-4700-9831-914787E5037D}.Debug|Any CPU.ActiveCfg = Debug|Any CPU
		{CBA05347-52EE-4700-9831-914787E5037D}.Debug|Any CPU.Build.0 = Debug|Any CPU
		{CBA05347-52EE-4700-9831-914787E5037D}.Release|Any CPU.ActiveCfg = Release|Any CPU
		{CBA05347-52EE-4700-9831-914787E5037D}.Release|Any CPU.Build.0 = Release|Any CPU
	EndGlobalSection
	GlobalSection(SolutionProperties) = preSolution
		HideSolutionNode = FALSE
	EndGlobalSection
	GlobalSection(NestedProjects) = preSolution
		{E25148BA-E389-45D7-B17A-A4A0FDEB0501} = {2F0F75C6-A298-46CB-BE17-866D92BD75E7}
		{8F8CA22A-D2FD-4D18-BFC4-E9E4D5195C85} = {E25148BA-E389-45D7-B17A-A4A0FDEB0501}
		{30D5D820-476F-4325-B400-D1250306A5D4} = {2F0F75C6-A298-46CB-BE17-866D92BD75E7}
		{954298B7-DF94-4DC3-B8D3-90A45BA5E18C} = {30D5D820-476F-4325-B400-D1250306A5D4}
		{12AB65D1-9C9D-4F47-8186-EECCA190FAB3} = {30D5D820-476F-4325-B400-D1250306A5D4}
		{18C53931-2334-4237-B83E-E6D69BCE8A26} = {2F0F75C6-A298-46CB-BE17-866D92BD75E7}
		{9DD88CC4-8E28-44E6-9E62-0FA1A5223B45} = {18C53931-2334-4237-B83E-E6D69BCE8A26}
		{8DCAB88E-6BFD-490E-BB12-D811FD019A45} = {18C53931-2334-4237-B83E-E6D69BCE8A26}
		{348712A0-242B-415B-9C37-6073B5116FA6} = {A09D91D0-EA7C-4152-8D03-EA567BE8F7AA}
		{69A45200-90F2-43AB-B665-F45E718E84AA} = {348712A0-242B-415B-9C37-6073B5116FA6}
		{514CA1A6-FC3F-4194-AC9D-BC7EE47DA62E} = {A09D91D0-EA7C-4152-8D03-EA567BE8F7AA}
		{BEA751D1-4A44-4774-A19A-4FE222D99ADA} = {514CA1A6-FC3F-4194-AC9D-BC7EE47DA62E}
		{0C07CE56-A1BE-46A6-8850-3D327150F9EE} = {514CA1A6-FC3F-4194-AC9D-BC7EE47DA62E}
		{B02A44D4-AC24-4B8C-B706-B5ED1904C312} = {A09D91D0-EA7C-4152-8D03-EA567BE8F7AA}
		{DCF20136-AC2B-41B2-9D53-804B89E2A595} = {B02A44D4-AC24-4B8C-B706-B5ED1904C312}
		{D0A53C75-0FC3-4B8F-867E-68A67E2E2408} = {B02A44D4-AC24-4B8C-B706-B5ED1904C312}
		{B866DEF6-3294-4E3E-BE89-F298015E7DB4} = {34C2F08C-57D3-4DB9-909D-8AD9BAB94562}
		{BEAA25F5-7FB6-401F-AAE6-CCE90F73D269} = {B866DEF6-3294-4E3E-BE89-F298015E7DB4}
		{6EEA6937-08FC-4D5F-9372-5041AFC78406} = {34C2F08C-57D3-4DB9-909D-8AD9BAB94562}
		{D2BE325D-A59D-455F-8D69-88A78548EAFA} = {6EEA6937-08FC-4D5F-9372-5041AFC78406}
		{C82CCF2C-5EFF-4539-90BC-B9ED64FC2B85} = {34C2F08C-57D3-4DB9-909D-8AD9BAB94562}
		{5FA7D0E9-FC14-45B7-AAFC-C3C7992D14DC} = {C82CCF2C-5EFF-4539-90BC-B9ED64FC2B85}
		{01470EEE-373C-4910-87CA-2FB1AB3467DA} = {C82CCF2C-5EFF-4539-90BC-B9ED64FC2B85}
		{54D665B7-EC7E-4FE2-869A-6D43F8E86207} = {6EEA6937-08FC-4D5F-9372-5041AFC78406}
		{FB07CBE9-455E-44D3-8F5B-590F9A37FB1D} = {2BD8B9F0-2E61-4309-BAEE-A12214914537}
		{F253E55A-A89B-44B8-A732-367FBE51ACA3} = {FB07CBE9-455E-44D3-8F5B-590F9A37FB1D}
		{5029C5DA-A227-4CF4-A2F6-DFC3933D7EDA} = {2BD8B9F0-2E61-4309-BAEE-A12214914537}
		{360FD7E1-AE0E-45A7-B89D-911AB54A4016} = {5029C5DA-A227-4CF4-A2F6-DFC3933D7EDA}
		{889B6F21-7B08-47AB-BF4C-1E0A382A6055} = {5029C5DA-A227-4CF4-A2F6-DFC3933D7EDA}
		{86A56BB7-70E0-4F0D-A3BF-7BCB9D4C6512} = {2BD8B9F0-2E61-4309-BAEE-A12214914537}
		{0883711D-F5CF-46D6-9AEB-4179F12425A0} = {86A56BB7-70E0-4F0D-A3BF-7BCB9D4C6512}
		{3DD25A54-F5CD-43C2-B383-429D3A0CA1D1} = {86A56BB7-70E0-4F0D-A3BF-7BCB9D4C6512}
		{3F995A53-E83B-4928-BEF1-B2AF664FAF94} = {86E5C524-4BE1-4511-A264-E7647A9D8FBA}
		{94BDE500-B651-490A-A3F2-164140B0230E} = {3F995A53-E83B-4928-BEF1-B2AF664FAF94}
		{D87D0D0D-F346-428C-A50D-A073AD387AEA} = {86E5C524-4BE1-4511-A264-E7647A9D8FBA}
		{C871FA7F-5DDC-4B7C-8AF7-C6FB9E7426FC} = {D87D0D0D-F346-428C-A50D-A073AD387AEA}
		{6B24F59C-724F-4559-938A-985C5226D33D} = {D87D0D0D-F346-428C-A50D-A073AD387AEA}
		{99BD8462-8A0E-4205-A624-1527ED1EA76C} = {86E5C524-4BE1-4511-A264-E7647A9D8FBA}
		{C0090D56-9C33-4EDA-8505-1915432C735C} = {99BD8462-8A0E-4205-A624-1527ED1EA76C}
		{61A0D28A-996F-4CC6-BE0D-E3087AF98708} = {99BD8462-8A0E-4205-A624-1527ED1EA76C}
		{C63DC3E9-5EF2-4676-83A1-E9F63C3A45AE} = {D125DEE4-250A-45CC-AF02-13E8FEAC1F1D}
		{95C25C0C-E8E6-40D3-ACA7-5553C447ED33} = {C63DC3E9-5EF2-4676-83A1-E9F63C3A45AE}
		{07476E6F-3A6C-433C-84B3-12BBE2E4AC46} = {D125DEE4-250A-45CC-AF02-13E8FEAC1F1D}
		{75FBCA63-9C99-4565-A80E-A0A18E894157} = {07476E6F-3A6C-433C-84B3-12BBE2E4AC46}
		{A15A5102-C23C-4D5E-84AC-54111084138A} = {D125DEE4-250A-45CC-AF02-13E8FEAC1F1D}
		{3B659E67-4443-45DD-B5E4-01B056B862CC} = {A15A5102-C23C-4D5E-84AC-54111084138A}
		{BEB2AE15-BADC-442F-A55C-1343E7D5C290} = {07476E6F-3A6C-433C-84B3-12BBE2E4AC46}
		{4A4B346A-8AAE-4F21-B3F3-5E72E28560F4} = {A15A5102-C23C-4D5E-84AC-54111084138A}
		{4530A7D3-366C-449D-AFF9-8896BB8EB330} = {18C53931-2334-4237-B83E-E6D69BCE8A26}
		{33DB4912-0275-4195-9DDE-BE82B2995F65} = {34C2F08C-57D3-4DB9-909D-8AD9BAB94562}
		{86AD7C5B-6A86-440B-B644-32F07B269060} = {33DB4912-0275-4195-9DDE-BE82B2995F65}
		{CBA05347-52EE-4700-9831-914787E5037D} = {18C53931-2334-4237-B83E-E6D69BCE8A26}
	EndGlobalSection
	GlobalSection(ExtensibilityGlobals) = postSolution
		SolutionGuid = {80C6321C-FB08-4149-8271-E361D90D4C37}
	EndGlobalSection
EndGlobal
